// !$*UTF8*$!
{
	archiveVersion = 1;
	classes = {
	};
	objectVersion = 55;
	objects = {

/* Begin PBXBuildFile section */
		EF43C03F27E3C32B00ECBDB8 /* AppDelegate.swift in Sources */ = {isa = PBXBuildFile; fileRef = EF43C03E27E3C32B00ECBDB8 /* AppDelegate.swift */; };
		EF43C04127E3C32B00ECBDB8 /* SceneDelegate.swift in Sources */ = {isa = PBXBuildFile; fileRef = EF43C04027E3C32B00ECBDB8 /* SceneDelegate.swift */; };
		EF43C04327E3C32B00ECBDB8 /* ViewController.swift in Sources */ = {isa = PBXBuildFile; fileRef = EF43C04227E3C32B00ECBDB8 /* ViewController.swift */; };
		EF43C04627E3C32B00ECBDB8 /* Main.storyboard in Resources */ = {isa = PBXBuildFile; fileRef = EF43C04427E3C32B00ECBDB8 /* Main.storyboard */; };
		EF43C04827E3C32C00ECBDB8 /* Assets.xcassets in Resources */ = {isa = PBXBuildFile; fileRef = EF43C04727E3C32C00ECBDB8 /* Assets.xcassets */; };
		EF43C04B27E3C32C00ECBDB8 /* LaunchScreen.storyboard in Resources */ = {isa = PBXBuildFile; fileRef = EF43C04927E3C32C00ECBDB8 /* LaunchScreen.storyboard */; };
		EFAEFF8B27ED53F30031BB25 /* StackViewContainer.swift in Sources */ = {isa = PBXBuildFile; fileRef = EFAEFF8A27ED53F30031BB25 /* StackViewContainer.swift */; };
		EFAEFF8D27ED6F030031BB25 /* PiezaView.swift in Sources */ = {isa = PBXBuildFile; fileRef = EFAEFF8C27ED6F030031BB25 /* PiezaView.swift */; };
		EFAEFF9027ED7AD00031BB25 /* ConectaCuatro.swift in Sources */ = {isa = PBXBuildFile; fileRef = EFAEFF8F27ED7AD00031BB25 /* ConectaCuatro.swift */; };
		EFD6A33F27F2B6AD00D1FFF2 /* ChunkFive-Regular.otf in Resources */ = {isa = PBXBuildFile; fileRef = EFD6A33D27F2B6AD00D1FFF2 /* ChunkFive-Regular.otf */; };
		EFD6A34027F2B6AD00D1FFF2 /* Chunk Five Print.otf in Resources */ = {isa = PBXBuildFile; fileRef = EFD6A33E27F2B6AD00D1FFF2 /* Chunk Five Print.otf */; };
		EFD8B13527F23C6B00397D7F /* UIColorExtension.swift in Sources */ = {isa = PBXBuildFile; fileRef = EFD8B13427F23C6B00397D7F /* UIColorExtension.swift */; };
		EFD8B13827F241E900397D7F /* Colors.swift in Sources */ = {isa = PBXBuildFile; fileRef = EFD8B13727F241E900397D7F /* Colors.swift */; };
		EFF9D34D27F7803E007EE8E7 /* Settings.swift in Sources */ = {isa = PBXBuildFile; fileRef = EFF9D34C27F7803E007EE8E7 /* Settings.swift */; };
/* End PBXBuildFile section */

/* Begin PBXFileReference section */
		EF43C03B27E3C32B00ECBDB8 /* Conecta_4.app */ = {isa = PBXFileReference; explicitFileType = wrapper.application; includeInIndex = 0; path = Conecta_4.app; sourceTree = BUILT_PRODUCTS_DIR; };
		EF43C03E27E3C32B00ECBDB8 /* AppDelegate.swift */ = {isa = PBXFileReference; lastKnownFileType = sourcecode.swift; path = AppDelegate.swift; sourceTree = "<group>"; };
		EF43C04027E3C32B00ECBDB8 /* SceneDelegate.swift */ = {isa = PBXFileReference; lastKnownFileType = sourcecode.swift; path = SceneDelegate.swift; sourceTree = "<group>"; };
		EF43C04227E3C32B00ECBDB8 /* ViewController.swift */ = {isa = PBXFileReference; lastKnownFileType = sourcecode.swift; path = ViewController.swift; sourceTree = "<group>"; };
		EF43C04527E3C32B00ECBDB8 /* Base */ = {isa = PBXFileReference; lastKnownFileType = file.storyboard; name = Base; path = Base.lproj/Main.storyboard; sourceTree = "<group>"; };
		EF43C04727E3C32C00ECBDB8 /* Assets.xcassets */ = {isa = PBXFileReference; lastKnownFileType = folder.assetcatalog; path = Assets.xcassets; sourceTree = "<group>"; };
		EF43C04A27E3C32C00ECBDB8 /* Base */ = {isa = PBXFileReference; lastKnownFileType = file.storyboard; name = Base; path = Base.lproj/LaunchScreen.storyboard; sourceTree = "<group>"; };
		EF43C04C27E3C32C00ECBDB8 /* Info.plist */ = {isa = PBXFileReference; lastKnownFileType = text.plist.xml; path = Info.plist; sourceTree = "<group>"; };
		EFAEFF8A27ED53F30031BB25 /* StackViewContainer.swift */ = {isa = PBXFileReference; lastKnownFileType = sourcecode.swift; path = StackViewContainer.swift; sourceTree = "<group>"; };
		EFAEFF8C27ED6F030031BB25 /* PiezaView.swift */ = {isa = PBXFileReference; lastKnownFileType = sourcecode.swift; path = PiezaView.swift; sourceTree = "<group>"; };
		EFAEFF8F27ED7AD00031BB25 /* ConectaCuatro.swift */ = {isa = PBXFileReference; lastKnownFileType = sourcecode.swift; path = ConectaCuatro.swift; sourceTree = "<group>"; };
		EFD6A33D27F2B6AD00D1FFF2 /* ChunkFive-Regular.otf */ = {isa = PBXFileReference; lastKnownFileType = file; path = "ChunkFive-Regular.otf"; sourceTree = "<group>"; };
		EFD6A33E27F2B6AD00D1FFF2 /* Chunk Five Print.otf */ = {isa = PBXFileReference; lastKnownFileType = file; path = "Chunk Five Print.otf"; sourceTree = "<group>"; };
		EFD8B13427F23C6B00397D7F /* UIColorExtension.swift */ = {isa = PBXFileReference; lastKnownFileType = sourcecode.swift; path = UIColorExtension.swift; sourceTree = "<group>"; };
		EFD8B13727F241E900397D7F /* Colors.swift */ = {isa = PBXFileReference; lastKnownFileType = sourcecode.swift; path = Colors.swift; sourceTree = "<group>"; };
		EFF9D34C27F7803E007EE8E7 /* Settings.swift */ = {isa = PBXFileReference; lastKnownFileType = sourcecode.swift; path = Settings.swift; sourceTree = "<group>"; };
/* End PBXFileReference section */

/* Begin PBXFrameworksBuildPhase section */
		EF43C03827E3C32B00ECBDB8 /* Frameworks */ = {
			isa = PBXFrameworksBuildPhase;
			buildActionMask = 2147483647;
			files = (
			);
			runOnlyForDeploymentPostprocessing = 0;
		};
/* End PBXFrameworksBuildPhase section */

/* Begin PBXGroup section */
		EF43C03227E3C32B00ECBDB8 = {
			isa = PBXGroup;
			children = (
				EF43C03D27E3C32B00ECBDB8 /* Conecta_4 */,
				EF43C03C27E3C32B00ECBDB8 /* Products */,
			);
			sourceTree = "<group>";
		};
		EF43C03C27E3C32B00ECBDB8 /* Products */ = {
			isa = PBXGroup;
			children = (
				EF43C03B27E3C32B00ECBDB8 /* Conecta_4.app */,
			);
			name = Products;
			sourceTree = "<group>";
		};
		EF43C03D27E3C32B00ECBDB8 /* Conecta_4 */ = {
			isa = PBXGroup;
			children = (
				EF43C04C27E3C32C00ECBDB8 /* Info.plist */,
				EFD6A33B27F2B62700D1FFF2 /* Resources */,
				EFAEFF8827EC95440031BB25 /* Source */,
				EF43C03E27E3C32B00ECBDB8 /* AppDelegate.swift */,
				EF43C04027E3C32B00ECBDB8 /* SceneDelegate.swift */,
				EF43C04927E3C32C00ECBDB8 /* LaunchScreen.storyboard */,
			);
			path = Conecta_4;
			sourceTree = "<group>";
		};
		EF43C05D27E58CC800ECBDB8 /* Helpers */ = {
			isa = PBXGroup;
			children = (
				EFAEFF8F27ED7AD00031BB25 /* ConectaCuatro.swift */,
				EFD8B13427F23C6B00397D7F /* UIColorExtension.swift */,
			);
			path = Helpers;
			sourceTree = "<group>";
		};
		EFAEFF8827EC95440031BB25 /* Source */ = {
			isa = PBXGroup;
			children = (
				EFD8B13627F241DA00397D7F /* Constants */,
				EFD9901627F1087C00144B40 /* HomeScreen */,
				EF43C05D27E58CC800ECBDB8 /* Helpers */,
				EFAEFF8927ED53830031BB25 /* GameScreen */,
			);
			path = Source;
			sourceTree = "<group>";
		};
		EFAEFF8927ED53830031BB25 /* GameScreen */ = {
			isa = PBXGroup;
			children = (
				EF43C04427E3C32B00ECBDB8 /* Main.storyboard */,
				EFAEFF8A27ED53F30031BB25 /* StackViewContainer.swift */,
				EF43C04227E3C32B00ECBDB8 /* ViewController.swift */,
				EFAEFF8C27ED6F030031BB25 /* PiezaView.swift */,
			);
			path = GameScreen;
			sourceTree = "<group>";
		};
		EFD6A33B27F2B62700D1FFF2 /* Resources */ = {
			isa = PBXGroup;
			children = (
				EF43C04727E3C32C00ECBDB8 /* Assets.xcassets */,
				EFD6A33C27F2B63400D1FFF2 /* Fonts */,
			);
			path = Resources;
			sourceTree = "<group>";
		};
		EFD6A33C27F2B63400D1FFF2 /* Fonts */ = {
			isa = PBXGroup;
			children = (
				EFD6A33E27F2B6AD00D1FFF2 /* Chunk Five Print.otf */,
				EFD6A33D27F2B6AD00D1FFF2 /* ChunkFive-Regular.otf */,
			);
			path = Fonts;
			sourceTree = "<group>";
		};
		EFD8B13627F241DA00397D7F /* Constants */ = {
			isa = PBXGroup;
			children = (
				EFD8B13727F241E900397D7F /* Colors.swift */,
				EFF9D34C27F7803E007EE8E7 /* Settings.swift */,
			);
			path = Constants;
			sourceTree = "<group>";
		};
		EFD9901627F1087C00144B40 /* HomeScreen */ = {
			isa = PBXGroup;
			children = (
			);
			path = HomeScreen;
			sourceTree = "<group>";
		};
/* End PBXGroup section */

/* Begin PBXNativeTarget section */
		EF43C03A27E3C32B00ECBDB8 /* Conecta_4 */ = {
			isa = PBXNativeTarget;
			buildConfigurationList = EF43C04F27E3C32C00ECBDB8 /* Build configuration list for PBXNativeTarget "Conecta_4" */;
			buildPhases = (
				EF43C03727E3C32B00ECBDB8 /* Sources */,
				EF43C03827E3C32B00ECBDB8 /* Frameworks */,
				EF43C03927E3C32B00ECBDB8 /* Resources */,
			);
			buildRules = (
			);
			dependencies = (
			);
			name = Conecta_4;
			productName = Conecta_4;
			productReference = EF43C03B27E3C32B00ECBDB8 /* Conecta_4.app */;
			productType = "com.apple.product-type.application";
		};
/* End PBXNativeTarget section */

/* Begin PBXProject section */
		EF43C03327E3C32B00ECBDB8 /* Project object */ = {
			isa = PBXProject;
			attributes = {
				BuildIndependentTargetsInParallel = 1;
				LastSwiftUpdateCheck = 1320;
				LastUpgradeCheck = 1320;
				TargetAttributes = {
					EF43C03A27E3C32B00ECBDB8 = {
						CreatedOnToolsVersion = 13.2.1;
					};
				};
			};
			buildConfigurationList = EF43C03627E3C32B00ECBDB8 /* Build configuration list for PBXProject "Conecta_4" */;
			compatibilityVersion = "Xcode 13.0";
			developmentRegion = en;
			hasScannedForEncodings = 0;
			knownRegions = (
				en,
				Base,
			);
			mainGroup = EF43C03227E3C32B00ECBDB8;
			productRefGroup = EF43C03C27E3C32B00ECBDB8 /* Products */;
			projectDirPath = "";
			projectRoot = "";
			targets = (
				EF43C03A27E3C32B00ECBDB8 /* Conecta_4 */,
			);
		};
/* End PBXProject section */

/* Begin PBXResourcesBuildPhase section */
		EF43C03927E3C32B00ECBDB8 /* Resources */ = {
			isa = PBXResourcesBuildPhase;
			buildActionMask = 2147483647;
			files = (
				EF43C04B27E3C32C00ECBDB8 /* LaunchScreen.storyboard in Resources */,
				EF43C04827E3C32C00ECBDB8 /* Assets.xcassets in Resources */,
				EFD6A33F27F2B6AD00D1FFF2 /* ChunkFive-Regular.otf in Resources */,
				EFD6A34027F2B6AD00D1FFF2 /* Chunk Five Print.otf in Resources */,
				EF43C04627E3C32B00ECBDB8 /* Main.storyboard in Resources */,
			);
			runOnlyForDeploymentPostprocessing = 0;
		};
/* End PBXResourcesBuildPhase section */

/* Begin PBXSourcesBuildPhase section */
		EF43C03727E3C32B00ECBDB8 /* Sources */ = {
			isa = PBXSourcesBuildPhase;
			buildActionMask = 2147483647;
			files = (
				EFAEFF8D27ED6F030031BB25 /* PiezaView.swift in Sources */,
				EFD8B13827F241E900397D7F /* Colors.swift in Sources */,
				EFD8B13527F23C6B00397D7F /* UIColorExtension.swift in Sources */,
				EFAEFF9027ED7AD00031BB25 /* ConectaCuatro.swift in Sources */,
				EF43C04327E3C32B00ECBDB8 /* ViewController.swift in Sources */,
				EF43C03F27E3C32B00ECBDB8 /* AppDelegate.swift in Sources */,
				EFF9D34D27F7803E007EE8E7 /* Settings.swift in Sources */,
				EFAEFF8B27ED53F30031BB25 /* StackViewContainer.swift in Sources */,
				EF43C04127E3C32B00ECBDB8 /* SceneDelegate.swift in Sources */,
			);
			runOnlyForDeploymentPostprocessing = 0;
		};
/* End PBXSourcesBuildPhase section */

/* Begin PBXVariantGroup section */
		EF43C04427E3C32B00ECBDB8 /* Main.storyboard */ = {
			isa = PBXVariantGroup;
			children = (
				EF43C04527E3C32B00ECBDB8 /* Base */,
			);
			name = Main.storyboard;
			sourceTree = "<group>";
		};
		EF43C04927E3C32C00ECBDB8 /* LaunchScreen.storyboard */ = {
			isa = PBXVariantGroup;
			children = (
				EF43C04A27E3C32C00ECBDB8 /* Base */,
			);
			name = LaunchScreen.storyboard;
			sourceTree = "<group>";
		};
/* End PBXVariantGroup section */

/* Begin XCBuildConfiguration section */
		EF43C04D27E3C32C00ECBDB8 /* Debug */ = {
			isa = XCBuildConfiguration;
			buildSettings = {
				ALWAYS_SEARCH_USER_PATHS = NO;
				CLANG_ANALYZER_NONNULL = YES;
				CLANG_ANALYZER_NUMBER_OBJECT_CONVERSION = YES_AGGRESSIVE;
				CLANG_CXX_LANGUAGE_STANDARD = "gnu++17";
				CLANG_CXX_LIBRARY = "libc++";
				CLANG_ENABLE_MODULES = YES;
				CLANG_ENABLE_OBJC_ARC = YES;
				CLANG_ENABLE_OBJC_WEAK = YES;
				CLANG_WARN_BLOCK_CAPTURE_AUTORELEASING = YES;
				CLANG_WARN_BOOL_CONVERSION = YES;
				CLANG_WARN_COMMA = YES;
				CLANG_WARN_CONSTANT_CONVERSION = YES;
				CLANG_WARN_DEPRECATED_OBJC_IMPLEMENTATIONS = YES;
				CLANG_WARN_DIRECT_OBJC_ISA_USAGE = YES_ERROR;
				CLANG_WARN_DOCUMENTATION_COMMENTS = YES;
				CLANG_WARN_EMPTY_BODY = YES;
				CLANG_WARN_ENUM_CONVERSION = YES;
				CLANG_WARN_INFINITE_RECURSION = YES;
				CLANG_WARN_INT_CONVERSION = YES;
				CLANG_WARN_NON_LITERAL_NULL_CONVERSION = YES;
				CLANG_WARN_OBJC_IMPLICIT_RETAIN_SELF = YES;
				CLANG_WARN_OBJC_LITERAL_CONVERSION = YES;
				CLANG_WARN_OBJC_ROOT_CLASS = YES_ERROR;
				CLANG_WARN_QUOTED_INCLUDE_IN_FRAMEWORK_HEADER = YES;
				CLANG_WARN_RANGE_LOOP_ANALYSIS = YES;
				CLANG_WARN_STRICT_PROTOTYPES = YES;
				CLANG_WARN_SUSPICIOUS_MOVE = YES;
				CLANG_WARN_UNGUARDED_AVAILABILITY = YES_AGGRESSIVE;
				CLANG_WARN_UNREACHABLE_CODE = YES;
				CLANG_WARN__DUPLICATE_METHOD_MATCH = YES;
				COPY_PHASE_STRIP = NO;
				DEBUG_INFORMATION_FORMAT = dwarf;
				ENABLE_STRICT_OBJC_MSGSEND = YES;
				ENABLE_TESTABILITY = YES;
				GCC_C_LANGUAGE_STANDARD = gnu11;
				GCC_DYNAMIC_NO_PIC = NO;
				GCC_NO_COMMON_BLOCKS = YES;
				GCC_OPTIMIZATION_LEVEL = 0;
				GCC_PREPROCESSOR_DEFINITIONS = (
					"DEBUG=1",
					"$(inherited)",
				);
				GCC_WARN_64_TO_32_BIT_CONVERSION = YES;
				GCC_WARN_ABOUT_RETURN_TYPE = YES_ERROR;
				GCC_WARN_UNDECLARED_SELECTOR = YES;
				GCC_WARN_UNINITIALIZED_AUTOS = YES_AGGRESSIVE;
				GCC_WARN_UNUSED_FUNCTION = YES;
				GCC_WARN_UNUSED_VARIABLE = YES;
				IPHONEOS_DEPLOYMENT_TARGET = 15.2;
				MTL_ENABLE_DEBUG_INFO = INCLUDE_SOURCE;
				MTL_FAST_MATH = YES;
				ONLY_ACTIVE_ARCH = YES;
				SDKROOT = iphoneos;
				SWIFT_ACTIVE_COMPILATION_CONDITIONS = DEBUG;
				SWIFT_OPTIMIZATION_LEVEL = "-Onone";
			};
			name = Debug;
		};
		EF43C04E27E3C32C00ECBDB8 /* Release */ = {
			isa = XCBuildConfiguration;
			buildSettings = {
				ALWAYS_SEARCH_USER_PATHS = NO;
				CLANG_ANALYZER_NONNULL = YES;
				CLANG_ANALYZER_NUMBER_OBJECT_CONVERSION = YES_AGGRESSIVE;
				CLANG_CXX_LANGUAGE_STANDARD = "gnu++17";
				CLANG_CXX_LIBRARY = "libc++";
				CLANG_ENABLE_MODULES = YES;
				CLANG_ENABLE_OBJC_ARC = YES;
				CLANG_ENABLE_OBJC_WEAK = YES;
				CLANG_WARN_BLOCK_CAPTURE_AUTORELEASING = YES;
				CLANG_WARN_BOOL_CONVERSION = YES;
				CLANG_WARN_COMMA = YES;
				CLANG_WARN_CONSTANT_CONVERSION = YES;
				CLANG_WARN_DEPRECATED_OBJC_IMPLEMENTATIONS = YES;
				CLANG_WARN_DIRECT_OBJC_ISA_USAGE = YES_ERROR;
				CLANG_WARN_DOCUMENTATION_COMMENTS = YES;
				CLANG_WARN_EMPTY_BODY = YES;
				CLANG_WARN_ENUM_CONVERSION = YES;
				CLANG_WARN_INFINITE_RECURSION = YES;
				CLANG_WARN_INT_CONVERSION = YES;
				CLANG_WARN_NON_LITERAL_NULL_CONVERSION = YES;
				CLANG_WARN_OBJC_IMPLICIT_RETAIN_SELF = YES;
				CLANG_WARN_OBJC_LITERAL_CONVERSION = YES;
				CLANG_WARN_OBJC_ROOT_CLASS = YES_ERROR;
				CLANG_WARN_QUOTED_INCLUDE_IN_FRAMEWORK_HEADER = YES;
				CLANG_WARN_RANGE_LOOP_ANALYSIS = YES;
				CLANG_WARN_STRICT_PROTOTYPES = YES;
				CLANG_WARN_SUSPICIOUS_MOVE = YES;
				CLANG_WARN_UNGUARDED_AVAILABILITY = YES_AGGRESSIVE;
				CLANG_WARN_UNREACHABLE_CODE = YES;
				CLANG_WARN__DUPLICATE_METHOD_MATCH = YES;
				COPY_PHASE_STRIP = NO;
				DEBUG_INFORMATION_FORMAT = "dwarf-with-dsym";
				ENABLE_NS_ASSERTIONS = NO;
				ENABLE_STRICT_OBJC_MSGSEND = YES;
				GCC_C_LANGUAGE_STANDARD = gnu11;
				GCC_NO_COMMON_BLOCKS = YES;
				GCC_WARN_64_TO_32_BIT_CONVERSION = YES;
				GCC_WARN_ABOUT_RETURN_TYPE = YES_ERROR;
				GCC_WARN_UNDECLARED_SELECTOR = YES;
				GCC_WARN_UNINITIALIZED_AUTOS = YES_AGGRESSIVE;
				GCC_WARN_UNUSED_FUNCTION = YES;
				GCC_WARN_UNUSED_VARIABLE = YES;
				IPHONEOS_DEPLOYMENT_TARGET = 15.2;
				MTL_ENABLE_DEBUG_INFO = NO;
				MTL_FAST_MATH = YES;
				SDKROOT = iphoneos;
				SWIFT_COMPILATION_MODE = wholemodule;
				SWIFT_OPTIMIZATION_LEVEL = "-O";
				VALIDATE_PRODUCT = YES;
			};
			name = Release;
		};
		EF43C05027E3C32C00ECBDB8 /* Debug */ = {
			isa = XCBuildConfiguration;
			buildSettings = {
				ASSETCATALOG_COMPILER_APPICON_NAME = AppIcon;
				ASSETCATALOG_COMPILER_GLOBAL_ACCENT_COLOR_NAME = AccentColor;
				CODE_SIGN_STYLE = Automatic;
				CURRENT_PROJECT_VERSION = 1;
				DEVELOPMENT_TEAM = YT32HGV6S6;
				GENERATE_INFOPLIST_FILE = YES;
				INFOPLIST_FILE = Conecta_4/Info.plist;
				INFOPLIST_KEY_UIApplicationSupportsIndirectInputEvents = YES;
				INFOPLIST_KEY_UILaunchStoryboardName = LaunchScreen;
				INFOPLIST_KEY_UIMainStoryboardFile = Main;
				INFOPLIST_KEY_UISupportedInterfaceOrientations = UIInterfaceOrientationLandscapeLeft;
				INFOPLIST_KEY_UISupportedInterfaceOrientations_iPad = "UIInterfaceOrientationPortrait UIInterfaceOrientationPortraitUpsideDown UIInterfaceOrientationLandscapeLeft UIInterfaceOrientationLandscapeRight";
				INFOPLIST_KEY_UISupportedInterfaceOrientations_iPhone = "UIInterfaceOrientationPortrait UIInterfaceOrientationLandscapeLeft UIInterfaceOrientationLandscapeRight";
				LD_RUNPATH_SEARCH_PATHS = (
					"$(inherited)",
					"@executable_path/Frameworks",
				);
				MARKETING_VERSION = 1.0;
				PRODUCT_BUNDLE_IDENTIFIER = "com.oaperezh.developer.Conecta-4";
				PRODUCT_NAME = "$(TARGET_NAME)";
				SWIFT_EMIT_LOC_STRINGS = YES;
				SWIFT_VERSION = 5.0;
				TARGETED_DEVICE_FAMILY = "1,2";
			};
			name = Debug;
		};
		EF43C05127E3C32C00ECBDB8 /* Release */ = {
			isa = XCBuildConfiguration;
			buildSettings = {
				ASSETCATALOG_COMPILER_APPICON_NAME = AppIcon;
				ASSETCATALOG_COMPILER_GLOBAL_ACCENT_COLOR_NAME = AccentColor;
				CODE_SIGN_STYLE = Automatic;
				CURRENT_PROJECT_VERSION = 1;
				DEVELOPMENT_TEAM = YT32HGV6S6;
				GENERATE_INFOPLIST_FILE = YES;
				INFOPLIST_FILE = Conecta_4/Info.plist;
				INFOPLIST_KEY_UIApplicationSupportsIndirectInputEvents = YES;
				INFOPLIST_KEY_UILaunchStoryboardName = LaunchScreen;
				INFOPLIST_KEY_UIMainStoryboardFile = Main;
				INFOPLIST_KEY_UISupportedInterfaceOrientations = UIInterfaceOrientationLandscapeLeft;
				INFOPLIST_KEY_UISupportedInterfaceOrientations_iPad = "UIInterfaceOrientationPortrait UIInterfaceOrientationPortraitUpsideDown UIInterfaceOrientationLandscapeLeft UIInterfaceOrientationLandscapeRight";
				INFOPLIST_KEY_UISupportedInterfaceOrientations_iPhone = "UIInterfaceOrientationPortrait UIInterfaceOrientationLandscapeLeft UIInterfaceOrientationLandscapeRight";
				LD_RUNPATH_SEARCH_PATHS = (
					"$(inherited)",
					"@executable_path/Frameworks",
				);
				MARKETING_VERSION = 1.0;
				PRODUCT_BUNDLE_IDENTIFIER = "com.oaperezh.developer.Conecta-4";
				PRODUCT_NAME = "$(TARGET_NAME)";
				SWIFT_EMIT_LOC_STRINGS = YES;
				SWIFT_VERSION = 5.0;
				TARGETED_DEVICE_FAMILY = "1,2";
			};
			name = Release;
		};
/* End XCBuildConfiguration section */

/* Begin XCConfigurationList section */
		EF43C03627E3C32B00ECBDB8 /* Build configuration list for PBXProject "Conecta_4" */ = {
			isa = XCConfigurationList;
			buildConfigurations = (
				EF43C04D27E3C32C00ECBDB8 /* Debug */,
				EF43C04E27E3C32C00ECBDB8 /* Release */,
			);
			defaultConfigurationIsVisible = 0;
			defaultConfigurationName = Release;
		};
		EF43C04F27E3C32C00ECBDB8 /* Build configuration list for PBXNativeTarget "Conecta_4" */ = {
			isa = XCConfigurationList;
			buildConfigurations = (
				EF43C05027E3C32C00ECBDB8 /* Debug */,
				EF43C05127E3C32C00ECBDB8 /* Release */,
			);
			defaultConfigurationIsVisible = 0;
			defaultConfigurationName = Release;
		};
/* End XCConfigurationList section */
	};
	rootObject = EF43C03327E3C32B00ECBDB8 /* Project object */;
}
